
Microsoft Visual Studio Solution File, Format Version 12.00
# Visual Studio Version 17
VisualStudioVersion = 17.0.31912.275
MinimumVisualStudioVersion = 10.0.40219.1
Project("{9A19103F-16F7-4668-BE54-9A1E7A4F7556}") = "ProjetoIntegradorVA", "ProjetoIntegradorVA\ProjetoIntegradorVA.csproj", "{A84C11D6-F2DB-441A-A510-B63632D554BC}"
EndProject
Project("{9A19103F-16F7-4668-BE54-9A1E7A4F7556}") = "Testes", "Testes\Testes.csproj", "{5DBBEA05-4E63-4752-B279-7C0F541D7ADD}"
EndProject
Project("{FAE04EC0-301F-11D3-BF4B-00C04F79EFBC}") = "TestProject1", "TestProject1\TestProject1.csproj", "{4C8F4455-AA55-4454-9A34-02721B4B8352}"
EndProject
Project("{FAE04EC0-301F-11D3-BF4B-00C04F79EFBC}") = "TestProject2", "TestProject2\TestProject2.csproj", "{EC275772-5B41-4615-AC5D-DF98A65DE0D4}"
EndProject
Global
	GlobalSection(SolutionConfigurationPlatforms) = preSolution
		Debug|Any CPU = Debug|Any CPU
		Release|Any CPU = Release|Any CPU
	EndGlobalSection
	GlobalSection(ProjectConfigurationPlatforms) = postSolution
		{A84C11D6-F2DB-441A-A510-B63632D554BC}.Debug|Any CPU.ActiveCfg = Debug|Any CPU
		{A84C11D6-F2DB-441A-A510-B63632D554BC}.Debug|Any CPU.Build.0 = Debug|Any CPU
		{A84C11D6-F2DB-441A-A510-B63632D554BC}.Release|Any CPU.ActiveCfg = Release|Any CPU
		{A84C11D6-F2DB-441A-A510-B63632D554BC}.Release|Any CPU.Build.0 = Release|Any CPU
		{5DBBEA05-4E63-4752-B279-7C0F541D7ADD}.Debug|Any CPU.ActiveCfg = Debug|Any CPU
		{5DBBEA05-4E63-4752-B279-7C0F541D7ADD}.Debug|Any CPU.Build.0 = Debug|Any CPU
		{5DBBEA05-4E63-4752-B279-7C0F541D7ADD}.Release|Any CPU.ActiveCfg = Release|Any CPU
		{5DBBEA05-4E63-4752-B279-7C0F541D7ADD}.Release|Any CPU.Build.0 = Release|Any CPU
		{4C8F4455-AA55-4454-9A34-02721B4B8352}.Debug|Any CPU.ActiveCfg = Debug|Any CPU
		{4C8F4455-AA55-4454-9A34-02721B4B8352}.Debug|Any CPU.Build.0 = Debug|Any CPU
		{4C8F4455-AA55-4454-9A34-02721B4B8352}.Release|Any CPU.ActiveCfg = Release|Any CPU
		{4C8F4455-AA55-4454-9A34-02721B4B8352}.Release|Any CPU.Build.0 = Release|Any CPU
		{EC275772-5B41-4615-AC5D-DF98A65DE0D4}.Debug|Any CPU.ActiveCfg = Debug|Any CPU
		{EC275772-5B41-4615-AC5D-DF98A65DE0D4}.Debug|Any CPU.Build.0 = Debug|Any CPU
		{EC275772-5B41-4615-AC5D-DF98A65DE0D4}.Release|Any CPU.ActiveCfg = Release|Any CPU
		{EC275772-5B41-4615-AC5D-DF98A65DE0D4}.Release|Any CPU.Build.0 = Release|Any CPU
	EndGlobalSection
	GlobalSection(SolutionProperties) = preSolution
		HideSolutionNode = FALSE
	EndGlobalSection
	GlobalSection(ExtensibilityGlobals) = postSolution
		SolutionGuid = {065BFB2E-1FC8-4D03-ABE0-828B57F29E28}
	EndGlobalSection
EndGlobal
