
Microsoft Visual Studio Solution File, Format Version 12.00
# Visual Studio Version 17
VisualStudioVersion = 17.0.31912.275
MinimumVisualStudioVersion = 10.0.40219.1
Project("{FAE04EC0-301F-11D3-BF4B-00C04F79EFBC}") = "ProjetoIntegradorVA", "ProjetoIntegradorVA\ProjetoIntegradorVA.csproj", "{DF021AA1-3663-4A2F-A744-18A1DC469C02}"
EndProject
Project("{FAE04EC0-301F-11D3-BF4B-00C04F79EFBC}") = "ProjetoIntegradorVATestes", "ProjetoIntegradorVATestes\ProjetoIntegradorVATestes.csproj", "{08C11E60-5DED-4FF9-BE55-AC4CDF3338E9}"
EndProject
Global
	GlobalSection(SolutionConfigurationPlatforms) = preSolution
		Debug|Any CPU = Debug|Any CPU
		Release|Any CPU = Release|Any CPU
		Test|Any CPU = Test|Any CPU
	EndGlobalSection
	GlobalSection(ProjectConfigurationPlatforms) = postSolution
		{DF021AA1-3663-4A2F-A744-18A1DC469C02}.Debug|Any CPU.ActiveCfg = Debug|Any CPU
		{DF021AA1-3663-4A2F-A744-18A1DC469C02}.Debug|Any CPU.Build.0 = Debug|Any CPU
		{DF021AA1-3663-4A2F-A744-18A1DC469C02}.Release|Any CPU.ActiveCfg = Release|Any CPU
		{DF021AA1-3663-4A2F-A744-18A1DC469C02}.Release|Any CPU.Build.0 = Release|Any CPU
		{DF021AA1-3663-4A2F-A744-18A1DC469C02}.Test|Any CPU.ActiveCfg = Test|Any CPU
		{DF021AA1-3663-4A2F-A744-18A1DC469C02}.Test|Any CPU.Build.0 = Test|Any CPU
		{08C11E60-5DED-4FF9-BE55-AC4CDF3338E9}.Debug|Any CPU.ActiveCfg = Debug|Any CPU
		{08C11E60-5DED-4FF9-BE55-AC4CDF3338E9}.Debug|Any CPU.Build.0 = Debug|Any CPU
		{08C11E60-5DED-4FF9-BE55-AC4CDF3338E9}.Release|Any CPU.ActiveCfg = Release|Any CPU
		{08C11E60-5DED-4FF9-BE55-AC4CDF3338E9}.Release|Any CPU.Build.0 = Release|Any CPU
		{08C11E60-5DED-4FF9-BE55-AC4CDF3338E9}.Test|Any CPU.ActiveCfg = Debug|Any CPU
		{08C11E60-5DED-4FF9-BE55-AC4CDF3338E9}.Test|Any CPU.Build.0 = Debug|Any CPU
	EndGlobalSection
	GlobalSection(SolutionProperties) = preSolution
		HideSolutionNode = FALSE
	EndGlobalSection
	GlobalSection(ExtensibilityGlobals) = postSolution
		SolutionGuid = {C4AAFCF8-81E9-47AF-A8E9-5BEC91729224}
	EndGlobalSection
EndGlobal
